Microsoft Visual Studio Solution File, Format Version 11.00
# Visual Studio 2008

Project("{249BBACE-00A4-52F8-6243-CC59E30EFF29}") = "Breakout!", "Assembly-CSharp-firstpass.csproj", "{86288A4E-745F-1649-96EC-149EBF5C5A8D}"
EndProject
Project("{249BBACE-00A4-52F8-6243-CC59E30EFF29}") = "Breakout!", "Assembly-CSharp.csproj", "{49A31386-7459-59D8-5193-87AE1DCE836E}"
EndProject
Project("{249BBACE-00A4-52F8-6243-CC59E30EFF29}") = "Breakout!", "Assembly-CSharp-Editor.csproj", "{CD63FA76-65A2-D171-9270-3BE9EDC574D0}"
EndProject
Global
	GlobalSection(SolutionConfigurationPlatforms) = preSolution
		Debug|Any CPU = Debug|Any CPU
		Release|Any CPU = Release|Any CPU
	EndGlobalSection
	GlobalSection(ProjectConfigurationPlatforms) = postSolution
		{86288A4E-745F-1649-96EC-149EBF5C5A8D}.Debug|Any CPU.ActiveCfg = Debug|Any CPU
		{86288A4E-745F-1649-96EC-149EBF5C5A8D}.Debug|Any CPU.Build.0 = Debug|Any CPU
		{86288A4E-745F-1649-96EC-149EBF5C5A8D}.Release|Any CPU.ActiveCfg = Release|Any CPU
		{86288A4E-745F-1649-96EC-149EBF5C5A8D}.Release|Any CPU.Build.0 = Release|Any CPU
		{49A31386-7459-59D8-5193-87AE1DCE836E}.Debug|Any CPU.ActiveCfg = Debug|Any CPU
		{49A31386-7459-59D8-5193-87AE1DCE836E}.Debug|Any CPU.Build.0 = Debug|Any CPU
		{49A31386-7459-59D8-5193-87AE1DCE836E}.Release|Any CPU.ActiveCfg = Release|Any CPU
		{49A31386-7459-59D8-5193-87AE1DCE836E}.Release|Any CPU.Build.0 = Release|Any CPU
		{CD63FA76-65A2-D171-9270-3BE9EDC574D0}.Debug|Any CPU.ActiveCfg = Debug|Any CPU
		{CD63FA76-65A2-D171-9270-3BE9EDC574D0}.Debug|Any CPU.Build.0 = Debug|Any CPU
		{CD63FA76-65A2-D171-9270-3BE9EDC574D0}.Release|Any CPU.ActiveCfg = Release|Any CPU
		{CD63FA76-65A2-D171-9270-3BE9EDC574D0}.Release|Any CPU.Build.0 = Release|Any CPU
	EndGlobalSection
	GlobalSection(SolutionProperties) = preSolution
		HideSolutionNode = FALSE
	EndGlobalSection
	GlobalSection(MonoDevelopProperties) = preSolution
		StartupItem = Assembly-CSharp.csproj
	EndGlobalSection
EndGlobal
